// !$*UTF8*$!
{
	archiveVersion = 1;
	classes = {
	};
	objectVersion = 55;
	objects = {

/* Begin PBXBuildFile section */
		B81DCD8428673B0900EBF414 /* StatisticsLearningProgressCell.swift in Sources */ = {isa = PBXBuildFile; fileRef = B81DCD8228673B0900EBF414 /* StatisticsLearningProgressCell.swift */; };
		B81DCD8528673B0900EBF414 /* StatisticsLearningProgressCell.xib in Resources */ = {isa = PBXBuildFile; fileRef = B81DCD8328673B0900EBF414 /* StatisticsLearningProgressCell.xib */; };
		B81DCD8828673B2000EBF414 /* StatisticsChallengeProgressCell.swift in Sources */ = {isa = PBXBuildFile; fileRef = B81DCD8628673B2000EBF414 /* StatisticsChallengeProgressCell.swift */; };
		B81DCD8928673B2000EBF414 /* StatisticsChallengeProgressCell.xib in Resources */ = {isa = PBXBuildFile; fileRef = B81DCD8728673B2000EBF414 /* StatisticsChallengeProgressCell.xib */; };
		B81DCD8C28673B3200EBF414 /* StatisticsAchievementCell.swift in Sources */ = {isa = PBXBuildFile; fileRef = B81DCD8A28673B3100EBF414 /* StatisticsAchievementCell.swift */; };
		B81DCD8D28673B3200EBF414 /* StatisticsAchievementCell.xib in Resources */ = {isa = PBXBuildFile; fileRef = B81DCD8B28673B3100EBF414 /* StatisticsAchievementCell.xib */; };
		B83E89592864049C006EFC54 /* RPPrimaryButton.swift in Sources */ = {isa = PBXBuildFile; fileRef = B83E89582864049C006EFC54 /* RPPrimaryButton.swift */; };
		B83E895D28640652006EFC54 /* TodaysChallengeCell.swift in Sources */ = {isa = PBXBuildFile; fileRef = B83E895B28640652006EFC54 /* TodaysChallengeCell.swift */; };
		B83E895E28640652006EFC54 /* TodaysChallengeCell.xib in Resources */ = {isa = PBXBuildFile; fileRef = B83E895C28640652006EFC54 /* TodaysChallengeCell.xib */; };
		B83E89612864066C006EFC54 /* ContinueLearningCell.swift in Sources */ = {isa = PBXBuildFile; fileRef = B83E895F2864066C006EFC54 /* ContinueLearningCell.swift */; };
		B83E89622864066C006EFC54 /* ContinueLearningCell.xib in Resources */ = {isa = PBXBuildFile; fileRef = B83E89602864066C006EFC54 /* ContinueLearningCell.xib */; };
		B83E896528641211006EFC54 /* UIView+Extension.swift in Sources */ = {isa = PBXBuildFile; fileRef = B83E896428641211006EFC54 /* UIView+Extension.swift */; };
		B85273BF286549240009EA22 /* ChallengeDetailVC.swift in Sources */ = {isa = PBXBuildFile; fileRef = B85273BD286549240009EA22 /* ChallengeDetailVC.swift */; };
		B85273C0286549240009EA22 /* ChallengeDetailVC.xib in Resources */ = {isa = PBXBuildFile; fileRef = B85273BE286549240009EA22 /* ChallengeDetailVC.xib */; };
		B85273C228654C4D0009EA22 /* UIColor+Extension.swift in Sources */ = {isa = PBXBuildFile; fileRef = B85273C128654C4D0009EA22 /* UIColor+Extension.swift */; };
		B869E0CD286B3B38008033CE /* ChallengeHistoryVC.swift in Sources */ = {isa = PBXBuildFile; fileRef = B869E0CC286B3B38008033CE /* ChallengeHistoryVC.swift */; };
		B869E0D1286B3C04008033CE /* ChallengeHistoryCell.swift in Sources */ = {isa = PBXBuildFile; fileRef = B869E0CF286B3C04008033CE /* ChallengeHistoryCell.swift */; };
		B869E0D2286B3C04008033CE /* ChallengeHistoryCell.xib in Resources */ = {isa = PBXBuildFile; fileRef = B869E0D0286B3C04008033CE /* ChallengeHistoryCell.xib */; };
		B869E0E5286B42C2008033CE /* MaterialListCell.swift in Sources */ = {isa = PBXBuildFile; fileRef = B869E0E0286B42C2008033CE /* MaterialListCell.swift */; };
		B869E0E6286B42C2008033CE /* MaterialListCell.xib in Resources */ = {isa = PBXBuildFile; fileRef = B869E0E1286B42C2008033CE /* MaterialListCell.xib */; };
		B869E0E7286B42C2008033CE /* MaterialModel.swift in Sources */ = {isa = PBXBuildFile; fileRef = B869E0E3286B42C2008033CE /* MaterialModel.swift */; };
		B869E0E8286B42C2008033CE /* MaterialData.swift in Sources */ = {isa = PBXBuildFile; fileRef = B869E0E4286B42C2008033CE /* MaterialData.swift */; };
		B8B75C2A285CE7D200EA4D4C /* AppDelegate.swift in Sources */ = {isa = PBXBuildFile; fileRef = B8B75C29285CE7D200EA4D4C /* AppDelegate.swift */; };
		B8B75C2C285CE7D200EA4D4C /* SceneDelegate.swift in Sources */ = {isa = PBXBuildFile; fileRef = B8B75C2B285CE7D200EA4D4C /* SceneDelegate.swift */; };
		B8B75C31285CE7D200EA4D4C /* Main.storyboard in Resources */ = {isa = PBXBuildFile; fileRef = B8B75C2F285CE7D200EA4D4C /* Main.storyboard */; };
		B8B75C34285CE7D200EA4D4C /* Reprodukasi.xcdatamodeld in Sources */ = {isa = PBXBuildFile; fileRef = B8B75C32285CE7D200EA4D4C /* Reprodukasi.xcdatamodeld */; };
		B8B75C36285CE7D300EA4D4C /* Assets.xcassets in Resources */ = {isa = PBXBuildFile; fileRef = B8B75C35285CE7D300EA4D4C /* Assets.xcassets */; };
		B8B75C39285CE7D300EA4D4C /* LaunchScreen.storyboard in Resources */ = {isa = PBXBuildFile; fileRef = B8B75C37285CE7D300EA4D4C /* LaunchScreen.storyboard */; };
		B8CDAD3A2863538700200B68 /* MainTabBarVC.swift in Sources */ = {isa = PBXBuildFile; fileRef = B8CDAD392863538700200B68 /* MainTabBarVC.swift */; };
		B8CDAD422863544A00200B68 /* ProgressVC.swift in Sources */ = {isa = PBXBuildFile; fileRef = B8CDAD402863544A00200B68 /* ProgressVC.swift */; };
		B8CDAD432863544A00200B68 /* ProgressVC.xib in Resources */ = {isa = PBXBuildFile; fileRef = B8CDAD412863544A00200B68 /* ProgressVC.xib */; };
		B8CDAD462863546800200B68 /* ChallengeVC.swift in Sources */ = {isa = PBXBuildFile; fileRef = B8CDAD442863546800200B68 /* ChallengeVC.swift */; };
		B8CDAD472863546800200B68 /* ChallengeVC.xib in Resources */ = {isa = PBXBuildFile; fileRef = B8CDAD452863546800200B68 /* ChallengeVC.xib */; };
		B8CDAD4A2863547700200B68 /* StatisticsVC.swift in Sources */ = {isa = PBXBuildFile; fileRef = B8CDAD482863547700200B68 /* StatisticsVC.swift */; };
		B8CDAD4B2863547700200B68 /* StatisticsVC.xib in Resources */ = {isa = PBXBuildFile; fileRef = B8CDAD492863547700200B68 /* StatisticsVC.xib */; };
		B8CDAD4E2863548100200B68 /* MaterialsVC.swift in Sources */ = {isa = PBXBuildFile; fileRef = B8CDAD4C2863548100200B68 /* MaterialsVC.swift */; };
		B8CDAD4F2863548100200B68 /* MaterialsVC.xib in Resources */ = {isa = PBXBuildFile; fileRef = B8CDAD4D2863548100200B68 /* MaterialsVC.xib */; };
/* End PBXBuildFile section */

/* Begin PBXFileReference section */
		B81DCD8228673B0900EBF414 /* StatisticsLearningProgressCell.swift */ = {isa = PBXFileReference; lastKnownFileType = sourcecode.swift; path = StatisticsLearningProgressCell.swift; sourceTree = "<group>"; };
		B81DCD8328673B0900EBF414 /* StatisticsLearningProgressCell.xib */ = {isa = PBXFileReference; lastKnownFileType = file.xib; path = StatisticsLearningProgressCell.xib; sourceTree = "<group>"; };
		B81DCD8628673B2000EBF414 /* StatisticsChallengeProgressCell.swift */ = {isa = PBXFileReference; lastKnownFileType = sourcecode.swift; path = StatisticsChallengeProgressCell.swift; sourceTree = "<group>"; };
		B81DCD8728673B2000EBF414 /* StatisticsChallengeProgressCell.xib */ = {isa = PBXFileReference; lastKnownFileType = file.xib; path = StatisticsChallengeProgressCell.xib; sourceTree = "<group>"; };
		B81DCD8A28673B3100EBF414 /* StatisticsAchievementCell.swift */ = {isa = PBXFileReference; lastKnownFileType = sourcecode.swift; path = StatisticsAchievementCell.swift; sourceTree = "<group>"; };
		B81DCD8B28673B3100EBF414 /* StatisticsAchievementCell.xib */ = {isa = PBXFileReference; lastKnownFileType = file.xib; path = StatisticsAchievementCell.xib; sourceTree = "<group>"; };
		B83E89582864049C006EFC54 /* RPPrimaryButton.swift */ = {isa = PBXFileReference; lastKnownFileType = sourcecode.swift; path = RPPrimaryButton.swift; sourceTree = "<group>"; };
		B83E895B28640652006EFC54 /* TodaysChallengeCell.swift */ = {isa = PBXFileReference; lastKnownFileType = sourcecode.swift; path = TodaysChallengeCell.swift; sourceTree = "<group>"; };
		B83E895C28640652006EFC54 /* TodaysChallengeCell.xib */ = {isa = PBXFileReference; lastKnownFileType = file.xib; path = TodaysChallengeCell.xib; sourceTree = "<group>"; };
		B83E895F2864066C006EFC54 /* ContinueLearningCell.swift */ = {isa = PBXFileReference; lastKnownFileType = sourcecode.swift; path = ContinueLearningCell.swift; sourceTree = "<group>"; };
		B83E89602864066C006EFC54 /* ContinueLearningCell.xib */ = {isa = PBXFileReference; lastKnownFileType = file.xib; path = ContinueLearningCell.xib; sourceTree = "<group>"; };
		B83E896428641211006EFC54 /* UIView+Extension.swift */ = {isa = PBXFileReference; lastKnownFileType = sourcecode.swift; path = "UIView+Extension.swift"; sourceTree = "<group>"; };
		B85273BD286549240009EA22 /* ChallengeDetailVC.swift */ = {isa = PBXFileReference; lastKnownFileType = sourcecode.swift; path = ChallengeDetailVC.swift; sourceTree = "<group>"; };
		B85273BE286549240009EA22 /* ChallengeDetailVC.xib */ = {isa = PBXFileReference; lastKnownFileType = file.xib; path = ChallengeDetailVC.xib; sourceTree = "<group>"; };
		B85273C128654C4D0009EA22 /* UIColor+Extension.swift */ = {isa = PBXFileReference; lastKnownFileType = sourcecode.swift; path = "UIColor+Extension.swift"; sourceTree = "<group>"; };
		B869E0CC286B3B38008033CE /* ChallengeHistoryVC.swift */ = {isa = PBXFileReference; lastKnownFileType = sourcecode.swift; path = ChallengeHistoryVC.swift; sourceTree = "<group>"; };
		B869E0CF286B3C04008033CE /* ChallengeHistoryCell.swift */ = {isa = PBXFileReference; lastKnownFileType = sourcecode.swift; path = ChallengeHistoryCell.swift; sourceTree = "<group>"; };
		B869E0D0286B3C04008033CE /* ChallengeHistoryCell.xib */ = {isa = PBXFileReference; lastKnownFileType = file.xib; path = ChallengeHistoryCell.xib; sourceTree = "<group>"; };
		B869E0E0286B42C2008033CE /* MaterialListCell.swift */ = {isa = PBXFileReference; fileEncoding = 4; lastKnownFileType = sourcecode.swift; path = MaterialListCell.swift; sourceTree = "<group>"; };
		B869E0E1286B42C2008033CE /* MaterialListCell.xib */ = {isa = PBXFileReference; fileEncoding = 4; lastKnownFileType = file.xib; path = MaterialListCell.xib; sourceTree = "<group>"; };
		B869E0E3286B42C2008033CE /* MaterialModel.swift */ = {isa = PBXFileReference; fileEncoding = 4; lastKnownFileType = sourcecode.swift; path = MaterialModel.swift; sourceTree = "<group>"; };
		B869E0E4286B42C2008033CE /* MaterialData.swift */ = {isa = PBXFileReference; fileEncoding = 4; lastKnownFileType = sourcecode.swift; path = MaterialData.swift; sourceTree = "<group>"; };
		B8B75C26285CE7D200EA4D4C /* Reprodukasi.app */ = {isa = PBXFileReference; explicitFileType = wrapper.application; includeInIndex = 0; path = Reprodukasi.app; sourceTree = BUILT_PRODUCTS_DIR; };
		B8B75C29285CE7D200EA4D4C /* AppDelegate.swift */ = {isa = PBXFileReference; lastKnownFileType = sourcecode.swift; path = AppDelegate.swift; sourceTree = "<group>"; };
		B8B75C2B285CE7D200EA4D4C /* SceneDelegate.swift */ = {isa = PBXFileReference; lastKnownFileType = sourcecode.swift; path = SceneDelegate.swift; sourceTree = "<group>"; };
		B8B75C30285CE7D200EA4D4C /* Base */ = {isa = PBXFileReference; lastKnownFileType = file.storyboard; name = Base; path = Base.lproj/Main.storyboard; sourceTree = "<group>"; };
		B8B75C33285CE7D200EA4D4C /* Reprodukasi.xcdatamodel */ = {isa = PBXFileReference; lastKnownFileType = wrapper.xcdatamodel; path = Reprodukasi.xcdatamodel; sourceTree = "<group>"; };
		B8B75C35285CE7D300EA4D4C /* Assets.xcassets */ = {isa = PBXFileReference; lastKnownFileType = folder.assetcatalog; path = Assets.xcassets; sourceTree = "<group>"; };
		B8B75C38285CE7D300EA4D4C /* Base */ = {isa = PBXFileReference; lastKnownFileType = file.storyboard; name = Base; path = Base.lproj/LaunchScreen.storyboard; sourceTree = "<group>"; };
		B8B75C3A285CE7D300EA4D4C /* Info.plist */ = {isa = PBXFileReference; lastKnownFileType = text.plist.xml; path = Info.plist; sourceTree = "<group>"; };
		B8CDAD392863538700200B68 /* MainTabBarVC.swift */ = {isa = PBXFileReference; lastKnownFileType = sourcecode.swift; path = MainTabBarVC.swift; sourceTree = "<group>"; };
		B8CDAD402863544A00200B68 /* ProgressVC.swift */ = {isa = PBXFileReference; lastKnownFileType = sourcecode.swift; path = ProgressVC.swift; sourceTree = "<group>"; };
		B8CDAD412863544A00200B68 /* ProgressVC.xib */ = {isa = PBXFileReference; lastKnownFileType = file.xib; path = ProgressVC.xib; sourceTree = "<group>"; };
		B8CDAD442863546800200B68 /* ChallengeVC.swift */ = {isa = PBXFileReference; lastKnownFileType = sourcecode.swift; path = ChallengeVC.swift; sourceTree = "<group>"; };
		B8CDAD452863546800200B68 /* ChallengeVC.xib */ = {isa = PBXFileReference; lastKnownFileType = file.xib; path = ChallengeVC.xib; sourceTree = "<group>"; };
		B8CDAD482863547700200B68 /* StatisticsVC.swift */ = {isa = PBXFileReference; lastKnownFileType = sourcecode.swift; path = StatisticsVC.swift; sourceTree = "<group>"; };
		B8CDAD492863547700200B68 /* StatisticsVC.xib */ = {isa = PBXFileReference; lastKnownFileType = file.xib; path = StatisticsVC.xib; sourceTree = "<group>"; };
		B8CDAD4C2863548100200B68 /* MaterialsVC.swift */ = {isa = PBXFileReference; lastKnownFileType = sourcecode.swift; path = MaterialsVC.swift; sourceTree = "<group>"; };
		B8CDAD4D2863548100200B68 /* MaterialsVC.xib */ = {isa = PBXFileReference; lastKnownFileType = file.xib; path = MaterialsVC.xib; sourceTree = "<group>"; };
/* End PBXFileReference section */

/* Begin PBXFrameworksBuildPhase section */
		B8B75C23285CE7D200EA4D4C /* Frameworks */ = {
			isa = PBXFrameworksBuildPhase;
			buildActionMask = 2147483647;
			files = (
			);
			runOnlyForDeploymentPostprocessing = 0;
		};
/* End PBXFrameworksBuildPhase section */

/* Begin PBXGroup section */
		B81DCD8128673A5500EBF414 /* Cells */ = {
			isa = PBXGroup;
			children = (
				B81DCD8228673B0900EBF414 /* StatisticsLearningProgressCell.swift */,
				B81DCD8328673B0900EBF414 /* StatisticsLearningProgressCell.xib */,
				B81DCD8628673B2000EBF414 /* StatisticsChallengeProgressCell.swift */,
				B81DCD8728673B2000EBF414 /* StatisticsChallengeProgressCell.xib */,
				B81DCD8A28673B3100EBF414 /* StatisticsAchievementCell.swift */,
				B81DCD8B28673B3100EBF414 /* StatisticsAchievementCell.xib */,
			);
			path = Cells;
			sourceTree = "<group>";
		};
		B83E895728640482006EFC54 /* Custom Views */ = {
			isa = PBXGroup;
			children = (
				B83E89582864049C006EFC54 /* RPPrimaryButton.swift */,
			);
			path = "Custom Views";
			sourceTree = "<group>";
		};
		B83E895A28640631006EFC54 /* Cells */ = {
			isa = PBXGroup;
			children = (
				B83E895B28640652006EFC54 /* TodaysChallengeCell.swift */,
				B83E895C28640652006EFC54 /* TodaysChallengeCell.xib */,
				B83E895F2864066C006EFC54 /* ContinueLearningCell.swift */,
				B83E89602864066C006EFC54 /* ContinueLearningCell.xib */,
			);
			path = Cells;
			sourceTree = "<group>";
		};
		B83E896328641203006EFC54 /* Extensions */ = {
			isa = PBXGroup;
			children = (
				B83E896428641211006EFC54 /* UIView+Extension.swift */,
				B85273C128654C4D0009EA22 /* UIColor+Extension.swift */,
			);
			path = Extensions;
			sourceTree = "<group>";
		};
		B85273BC2865488B0009EA22 /* Challenge Detail */ = {
			isa = PBXGroup;
			children = (
				B85273BD286549240009EA22 /* ChallengeDetailVC.swift */,
				B85273BE286549240009EA22 /* ChallengeDetailVC.xib */,
			);
			path = "Challenge Detail";
			sourceTree = "<group>";
		};
		B869E0C7286B3B00008033CE /* Challenge History */ = {
			isa = PBXGroup;
			children = (
				B869E0CE286B3BEA008033CE /* Cells */,
				B869E0CC286B3B38008033CE /* ChallengeHistoryVC.swift */,
			);
			path = "Challenge History";
			sourceTree = "<group>";
		};
		B869E0CE286B3BEA008033CE /* Cells */ = {
			isa = PBXGroup;
			children = (
				B869E0CF286B3C04008033CE /* ChallengeHistoryCell.swift */,
				B869E0D0286B3C04008033CE /* ChallengeHistoryCell.xib */,
			);
			path = Cells;
			sourceTree = "<group>";
		};
		B869E0DF286B42C2008033CE /* MaterialCells */ = {
			isa = PBXGroup;
			children = (
				B869E0E0286B42C2008033CE /* MaterialListCell.swift */,
				B869E0E1286B42C2008033CE /* MaterialListCell.xib */,
			);
			path = MaterialCells;
			sourceTree = "<group>";
		};
		B869E0E2286B42C2008033CE /* MaterialModel */ = {
			isa = PBXGroup;
			children = (
				B869E0E3286B42C2008033CE /* MaterialModel.swift */,
				B869E0E4286B42C2008033CE /* MaterialData.swift */,
			);
			path = MaterialModel;
			sourceTree = "<group>";
		};
		B8B75C1D285CE7D200EA4D4C = {
			isa = PBXGroup;
			children = (
				B8B75C28285CE7D200EA4D4C /* Reprodukasi */,
				B8B75C27285CE7D200EA4D4C /* Products */,
			);
			sourceTree = "<group>";
		};
		B8B75C27285CE7D200EA4D4C /* Products */ = {
			isa = PBXGroup;
			children = (
				B8B75C26285CE7D200EA4D4C /* Reprodukasi.app */,
			);
			name = Products;
			sourceTree = "<group>";
		};
		B8B75C28285CE7D200EA4D4C /* Reprodukasi */ = {
			isa = PBXGroup;
			children = (
				B8B75C40285CE7EF00EA4D4C /* Utilities */,
				B8B75C43285CE80D00EA4D4C /* Model */,
				B8B75C42285CE80200EA4D4C /* Life Cycle */,
				B8B75C41285CE7F900EA4D4C /* Controller */,
				B8B75C44285CE82B00EA4D4C /* Storyboard */,
				B8B75C35285CE7D300EA4D4C /* Assets.xcassets */,
				B8B75C3A285CE7D300EA4D4C /* Info.plist */,
				B8B75C32285CE7D200EA4D4C /* Reprodukasi.xcdatamodeld */,
			);
			path = Reprodukasi;
			sourceTree = "<group>";
		};
		B8B75C40285CE7EF00EA4D4C /* Utilities */ = {
			isa = PBXGroup;
			children = (
				B83E896328641203006EFC54 /* Extensions */,
				B83E895728640482006EFC54 /* Custom Views */,
			);
			path = Utilities;
			sourceTree = "<group>";
		};
		B8B75C41285CE7F900EA4D4C /* Controller */ = {
			isa = PBXGroup;
			children = (
				B8CDAD3F2863540E00200B68 /* Materials */,
				B8CDAD3E2863540900200B68 /* Statistics */,
				B8CDAD3C286353E800200B68 /* Challenge */,
				B85273BC2865488B0009EA22 /* Challenge Detail */,
				B8CDAD3B286353D700200B68 /* Progress */,
				B8CDAD382863536B00200B68 /* Main Tab Bar */,
			);
			path = Controller;
			sourceTree = "<group>";
		};
		B8B75C42285CE80200EA4D4C /* Life Cycle */ = {
			isa = PBXGroup;
			children = (
				B8B75C29285CE7D200EA4D4C /* AppDelegate.swift */,
				B8B75C2B285CE7D200EA4D4C /* SceneDelegate.swift */,
			);
			path = "Life Cycle";
			sourceTree = "<group>";
		};
		B8B75C43285CE80D00EA4D4C /* Model */ = {
			isa = PBXGroup;
			children = (
			);
			path = Model;
			sourceTree = "<group>";
		};
		B8B75C44285CE82B00EA4D4C /* Storyboard */ = {
			isa = PBXGroup;
			children = (
				B8B75C37285CE7D300EA4D4C /* LaunchScreen.storyboard */,
				B8B75C2F285CE7D200EA4D4C /* Main.storyboard */,
			);
			path = Storyboard;
			sourceTree = "<group>";
		};
		B8CDAD382863536B00200B68 /* Main Tab Bar */ = {
			isa = PBXGroup;
			children = (
				B8CDAD392863538700200B68 /* MainTabBarVC.swift */,
			);
			path = "Main Tab Bar";
			sourceTree = "<group>";
		};
		B8CDAD3B286353D700200B68 /* Progress */ = {
			isa = PBXGroup;
			children = (
				B83E895A28640631006EFC54 /* Cells */,
				B8CDAD402863544A00200B68 /* ProgressVC.swift */,
				B8CDAD412863544A00200B68 /* ProgressVC.xib */,
			);
			path = Progress;
			sourceTree = "<group>";
		};
		B8CDAD3C286353E800200B68 /* Challenge */ = {
			isa = PBXGroup;
			children = (
				B8CDAD442863546800200B68 /* ChallengeVC.swift */,
				B8CDAD452863546800200B68 /* ChallengeVC.xib */,
			);
			path = Challenge;
			sourceTree = "<group>";
		};
		B8CDAD3E2863540900200B68 /* Statistics */ = {
			isa = PBXGroup;
			children = (
				B869E0C7286B3B00008033CE /* Challenge History */,
				B81DCD8128673A5500EBF414 /* Cells */,
				B8CDAD482863547700200B68 /* StatisticsVC.swift */,
				B8CDAD492863547700200B68 /* StatisticsVC.xib */,
			);
			path = Statistics;
			sourceTree = "<group>";
		};
		B8CDAD3F2863540E00200B68 /* Materials */ = {
			isa = PBXGroup;
			children = (
				B869E0DF286B42C2008033CE /* MaterialCells */,
				B869E0E2286B42C2008033CE /* MaterialModel */,
				B8CDAD4C2863548100200B68 /* MaterialsVC.swift */,
				B8CDAD4D2863548100200B68 /* MaterialsVC.xib */,
			);
			path = Materials;
			sourceTree = "<group>";
		};
/* End PBXGroup section */

/* Begin PBXNativeTarget section */
		B8B75C25285CE7D200EA4D4C /* Reprodukasi */ = {
			isa = PBXNativeTarget;
			buildConfigurationList = B8B75C3D285CE7D300EA4D4C /* Build configuration list for PBXNativeTarget "Reprodukasi" */;
			buildPhases = (
				B8B75C22285CE7D200EA4D4C /* Sources */,
				B8B75C23285CE7D200EA4D4C /* Frameworks */,
				B8B75C24285CE7D200EA4D4C /* Resources */,
			);
			buildRules = (
			);
			dependencies = (
			);
			name = Reprodukasi;
			productName = Reprodukasi;
			productReference = B8B75C26285CE7D200EA4D4C /* Reprodukasi.app */;
			productType = "com.apple.product-type.application";
		};
/* End PBXNativeTarget section */

/* Begin PBXProject section */
		B8B75C1E285CE7D200EA4D4C /* Project object */ = {
			isa = PBXProject;
			attributes = {
				BuildIndependentTargetsInParallel = 1;
				LastSwiftUpdateCheck = 1330;
				LastUpgradeCheck = 1330;
				TargetAttributes = {
					B8B75C25285CE7D200EA4D4C = {
						CreatedOnToolsVersion = 13.3;
					};
				};
			};
			buildConfigurationList = B8B75C21285CE7D200EA4D4C /* Build configuration list for PBXProject "Reprodukasi" */;
			compatibilityVersion = "Xcode 13.0";
			developmentRegion = en;
			hasScannedForEncodings = 0;
			knownRegions = (
				en,
				Base,
			);
			mainGroup = B8B75C1D285CE7D200EA4D4C;
			productRefGroup = B8B75C27285CE7D200EA4D4C /* Products */;
			projectDirPath = "";
			projectRoot = "";
			targets = (
				B8B75C25285CE7D200EA4D4C /* Reprodukasi */,
			);
		};
/* End PBXProject section */

/* Begin PBXResourcesBuildPhase section */
		B8B75C24285CE7D200EA4D4C /* Resources */ = {
			isa = PBXResourcesBuildPhase;
			buildActionMask = 2147483647;
			files = (
				B83E89622864066C006EFC54 /* ContinueLearningCell.xib in Resources */,
				B8B75C39285CE7D300EA4D4C /* LaunchScreen.storyboard in Resources */,
				B81DCD8D28673B3200EBF414 /* StatisticsAchievementCell.xib in Resources */,
				B8CDAD432863544A00200B68 /* ProgressVC.xib in Resources */,
				B81DCD8928673B2000EBF414 /* StatisticsChallengeProgressCell.xib in Resources */,
				B869E0E6286B42C2008033CE /* MaterialListCell.xib in Resources */,
				B8B75C36285CE7D300EA4D4C /* Assets.xcassets in Resources */,
				B8CDAD4F2863548100200B68 /* MaterialsVC.xib in Resources */,
				B81DCD8528673B0900EBF414 /* StatisticsLearningProgressCell.xib in Resources */,
				B8CDAD4B2863547700200B68 /* StatisticsVC.xib in Resources */,
				B8CDAD472863546800200B68 /* ChallengeVC.xib in Resources */,
				B869E0D2286B3C04008033CE /* ChallengeHistoryCell.xib in Resources */,
				B85273C0286549240009EA22 /* ChallengeDetailVC.xib in Resources */,
				B8B75C31285CE7D200EA4D4C /* Main.storyboard in Resources */,
				B83E895E28640652006EFC54 /* TodaysChallengeCell.xib in Resources */,
			);
			runOnlyForDeploymentPostprocessing = 0;
		};
/* End PBXResourcesBuildPhase section */

/* Begin PBXSourcesBuildPhase section */
		B8B75C22285CE7D200EA4D4C /* Sources */ = {
			isa = PBXSourcesBuildPhase;
			buildActionMask = 2147483647;
			files = (
				B8CDAD462863546800200B68 /* ChallengeVC.swift in Sources */,
				B8B75C34285CE7D200EA4D4C /* Reprodukasi.xcdatamodeld in Sources */,
				B869E0E8286B42C2008033CE /* MaterialData.swift in Sources */,
				B85273BF286549240009EA22 /* ChallengeDetailVC.swift in Sources */,
				B81DCD8828673B2000EBF414 /* StatisticsChallengeProgressCell.swift in Sources */,
				B8B75C2A285CE7D200EA4D4C /* AppDelegate.swift in Sources */,
				B81DCD8C28673B3200EBF414 /* StatisticsAchievementCell.swift in Sources */,
				B8B75C2C285CE7D200EA4D4C /* SceneDelegate.swift in Sources */,
				B83E89612864066C006EFC54 /* ContinueLearningCell.swift in Sources */,
				B8CDAD4A2863547700200B68 /* StatisticsVC.swift in Sources */,
				B81DCD8428673B0900EBF414 /* StatisticsLearningProgressCell.swift in Sources */,
				B869E0E7286B42C2008033CE /* MaterialModel.swift in Sources */,
				B85273C228654C4D0009EA22 /* UIColor+Extension.swift in Sources */,
				B869E0D1286B3C04008033CE /* ChallengeHistoryCell.swift in Sources */,
				B869E0CD286B3B38008033CE /* ChallengeHistoryVC.swift in Sources */,
				B83E896528641211006EFC54 /* UIView+Extension.swift in Sources */,
				B8CDAD3A2863538700200B68 /* MainTabBarVC.swift in Sources */,
				B8CDAD422863544A00200B68 /* ProgressVC.swift in Sources */,
				B869E0E5286B42C2008033CE /* MaterialListCell.swift in Sources */,
				B83E89592864049C006EFC54 /* RPPrimaryButton.swift in Sources */,
				B8CDAD4E2863548100200B68 /* MaterialsVC.swift in Sources */,
				B83E895D28640652006EFC54 /* TodaysChallengeCell.swift in Sources */,
			);
			runOnlyForDeploymentPostprocessing = 0;
		};
/* End PBXSourcesBuildPhase section */

/* Begin PBXVariantGroup section */
		B8B75C2F285CE7D200EA4D4C /* Main.storyboard */ = {
			isa = PBXVariantGroup;
			children = (
				B8B75C30285CE7D200EA4D4C /* Base */,
			);
			name = Main.storyboard;
			sourceTree = "<group>";
		};
		B8B75C37285CE7D300EA4D4C /* LaunchScreen.storyboard */ = {
			isa = PBXVariantGroup;
			children = (
				B8B75C38285CE7D300EA4D4C /* Base */,
			);
			name = LaunchScreen.storyboard;
			sourceTree = "<group>";
		};
/* End PBXVariantGroup section */

/* Begin XCBuildConfiguration section */
		B8B75C3B285CE7D300EA4D4C /* Debug */ = {
			isa = XCBuildConfiguration;
			buildSettings = {
				ALWAYS_SEARCH_USER_PATHS = NO;
				CLANG_ANALYZER_NONNULL = YES;
				CLANG_ANALYZER_NUMBER_OBJECT_CONVERSION = YES_AGGRESSIVE;
				CLANG_CXX_LANGUAGE_STANDARD = "gnu++17";
				CLANG_ENABLE_MODULES = YES;
				CLANG_ENABLE_OBJC_ARC = YES;
				CLANG_ENABLE_OBJC_WEAK = YES;
				CLANG_WARN_BLOCK_CAPTURE_AUTORELEASING = YES;
				CLANG_WARN_BOOL_CONVERSION = YES;
				CLANG_WARN_COMMA = YES;
				CLANG_WARN_CONSTANT_CONVERSION = YES;
				CLANG_WARN_DEPRECATED_OBJC_IMPLEMENTATIONS = YES;
				CLANG_WARN_DIRECT_OBJC_ISA_USAGE = YES_ERROR;
				CLANG_WARN_DOCUMENTATION_COMMENTS = YES;
				CLANG_WARN_EMPTY_BODY = YES;
				CLANG_WARN_ENUM_CONVERSION = YES;
				CLANG_WARN_INFINITE_RECURSION = YES;
				CLANG_WARN_INT_CONVERSION = YES;
				CLANG_WARN_NON_LITERAL_NULL_CONVERSION = YES;
				CLANG_WARN_OBJC_IMPLICIT_RETAIN_SELF = YES;
				CLANG_WARN_OBJC_LITERAL_CONVERSION = YES;
				CLANG_WARN_OBJC_ROOT_CLASS = YES_ERROR;
				CLANG_WARN_QUOTED_INCLUDE_IN_FRAMEWORK_HEADER = YES;
				CLANG_WARN_RANGE_LOOP_ANALYSIS = YES;
				CLANG_WARN_STRICT_PROTOTYPES = YES;
				CLANG_WARN_SUSPICIOUS_MOVE = YES;
				CLANG_WARN_UNGUARDED_AVAILABILITY = YES_AGGRESSIVE;
				CLANG_WARN_UNREACHABLE_CODE = YES;
				CLANG_WARN__DUPLICATE_METHOD_MATCH = YES;
				COPY_PHASE_STRIP = NO;
				DEBUG_INFORMATION_FORMAT = dwarf;
				ENABLE_STRICT_OBJC_MSGSEND = YES;
				ENABLE_TESTABILITY = YES;
				GCC_C_LANGUAGE_STANDARD = gnu11;
				GCC_DYNAMIC_NO_PIC = NO;
				GCC_NO_COMMON_BLOCKS = YES;
				GCC_OPTIMIZATION_LEVEL = 0;
				GCC_PREPROCESSOR_DEFINITIONS = (
					"DEBUG=1",
					"$(inherited)",
				);
				GCC_WARN_64_TO_32_BIT_CONVERSION = YES;
				GCC_WARN_ABOUT_RETURN_TYPE = YES_ERROR;
				GCC_WARN_UNDECLARED_SELECTOR = YES;
				GCC_WARN_UNINITIALIZED_AUTOS = YES_AGGRESSIVE;
				GCC_WARN_UNUSED_FUNCTION = YES;
				GCC_WARN_UNUSED_VARIABLE = YES;
				IPHONEOS_DEPLOYMENT_TARGET = 15.4;
				MTL_ENABLE_DEBUG_INFO = INCLUDE_SOURCE;
				MTL_FAST_MATH = YES;
				ONLY_ACTIVE_ARCH = YES;
				SDKROOT = iphoneos;
				SWIFT_ACTIVE_COMPILATION_CONDITIONS = DEBUG;
				SWIFT_OPTIMIZATION_LEVEL = "-Onone";
			};
			name = Debug;
		};
		B8B75C3C285CE7D300EA4D4C /* Release */ = {
			isa = XCBuildConfiguration;
			buildSettings = {
				ALWAYS_SEARCH_USER_PATHS = NO;
				CLANG_ANALYZER_NONNULL = YES;
				CLANG_ANALYZER_NUMBER_OBJECT_CONVERSION = YES_AGGRESSIVE;
				CLANG_CXX_LANGUAGE_STANDARD = "gnu++17";
				CLANG_ENABLE_MODULES = YES;
				CLANG_ENABLE_OBJC_ARC = YES;
				CLANG_ENABLE_OBJC_WEAK = YES;
				CLANG_WARN_BLOCK_CAPTURE_AUTORELEASING = YES;
				CLANG_WARN_BOOL_CONVERSION = YES;
				CLANG_WARN_COMMA = YES;
				CLANG_WARN_CONSTANT_CONVERSION = YES;
				CLANG_WARN_DEPRECATED_OBJC_IMPLEMENTATIONS = YES;
				CLANG_WARN_DIRECT_OBJC_ISA_USAGE = YES_ERROR;
				CLANG_WARN_DOCUMENTATION_COMMENTS = YES;
				CLANG_WARN_EMPTY_BODY = YES;
				CLANG_WARN_ENUM_CONVERSION = YES;
				CLANG_WARN_INFINITE_RECURSION = YES;
				CLANG_WARN_INT_CONVERSION = YES;
				CLANG_WARN_NON_LITERAL_NULL_CONVERSION = YES;
				CLANG_WARN_OBJC_IMPLICIT_RETAIN_SELF = YES;
				CLANG_WARN_OBJC_LITERAL_CONVERSION = YES;
				CLANG_WARN_OBJC_ROOT_CLASS = YES_ERROR;
				CLANG_WARN_QUOTED_INCLUDE_IN_FRAMEWORK_HEADER = YES;
				CLANG_WARN_RANGE_LOOP_ANALYSIS = YES;
				CLANG_WARN_STRICT_PROTOTYPES = YES;
				CLANG_WARN_SUSPICIOUS_MOVE = YES;
				CLANG_WARN_UNGUARDED_AVAILABILITY = YES_AGGRESSIVE;
				CLANG_WARN_UNREACHABLE_CODE = YES;
				CLANG_WARN__DUPLICATE_METHOD_MATCH = YES;
				COPY_PHASE_STRIP = NO;
				DEBUG_INFORMATION_FORMAT = "dwarf-with-dsym";
				ENABLE_NS_ASSERTIONS = NO;
				ENABLE_STRICT_OBJC_MSGSEND = YES;
				GCC_C_LANGUAGE_STANDARD = gnu11;
				GCC_NO_COMMON_BLOCKS = YES;
				GCC_WARN_64_TO_32_BIT_CONVERSION = YES;
				GCC_WARN_ABOUT_RETURN_TYPE = YES_ERROR;
				GCC_WARN_UNDECLARED_SELECTOR = YES;
				GCC_WARN_UNINITIALIZED_AUTOS = YES_AGGRESSIVE;
				GCC_WARN_UNUSED_FUNCTION = YES;
				GCC_WARN_UNUSED_VARIABLE = YES;
				IPHONEOS_DEPLOYMENT_TARGET = 15.4;
				MTL_ENABLE_DEBUG_INFO = NO;
				MTL_FAST_MATH = YES;
				SDKROOT = iphoneos;
				SWIFT_COMPILATION_MODE = wholemodule;
				SWIFT_OPTIMIZATION_LEVEL = "-O";
				VALIDATE_PRODUCT = YES;
			};
			name = Release;
		};
		B8B75C3E285CE7D300EA4D4C /* Debug */ = {
			isa = XCBuildConfiguration;
			buildSettings = {
				ASSETCATALOG_COMPILER_APPICON_NAME = AppIcon;
				ASSETCATALOG_COMPILER_GLOBAL_ACCENT_COLOR_NAME = AccentColor;
				CODE_SIGN_STYLE = Automatic;
				CURRENT_PROJECT_VERSION = 1;
				DEVELOPMENT_TEAM = 6J2XDDYT2W;
				GENERATE_INFOPLIST_FILE = YES;
				INFOPLIST_FILE = Reprodukasi/Info.plist;
				INFOPLIST_KEY_UIApplicationSupportsIndirectInputEvents = YES;
				INFOPLIST_KEY_UILaunchStoryboardName = LaunchScreen;
				INFOPLIST_KEY_UIMainStoryboardFile = Main;
				INFOPLIST_KEY_UISupportedInterfaceOrientations_iPad = "UIInterfaceOrientationPortrait UIInterfaceOrientationPortraitUpsideDown UIInterfaceOrientationLandscapeLeft UIInterfaceOrientationLandscapeRight";
				INFOPLIST_KEY_UISupportedInterfaceOrientations_iPhone = "UIInterfaceOrientationPortrait UIInterfaceOrientationLandscapeLeft UIInterfaceOrientationLandscapeRight";
				LD_RUNPATH_SEARCH_PATHS = (
					"$(inherited)",
					"@executable_path/Frameworks",
				);
				MARKETING_VERSION = 1.0;
				PRODUCT_BUNDLE_IDENTIFIER = com.cleanrun.Reprodukasi;
				PRODUCT_NAME = "$(TARGET_NAME)";
				SWIFT_EMIT_LOC_STRINGS = YES;
				SWIFT_VERSION = 5.0;
				TARGETED_DEVICE_FAMILY = "1,2";
			};
			name = Debug;
		};
		B8B75C3F285CE7D300EA4D4C /* Release */ = {
			isa = XCBuildConfiguration;
			buildSettings = {
				ASSETCATALOG_COMPILER_APPICON_NAME = AppIcon;
				ASSETCATALOG_COMPILER_GLOBAL_ACCENT_COLOR_NAME = AccentColor;
				CODE_SIGN_STYLE = Automatic;
				CURRENT_PROJECT_VERSION = 1;
				DEVELOPMENT_TEAM = 6J2XDDYT2W;
				GENERATE_INFOPLIST_FILE = YES;
				INFOPLIST_FILE = Reprodukasi/Info.plist;
				INFOPLIST_KEY_UIApplicationSupportsIndirectInputEvents = YES;
				INFOPLIST_KEY_UILaunchStoryboardName = LaunchScreen;
				INFOPLIST_KEY_UIMainStoryboardFile = Main;
				INFOPLIST_KEY_UISupportedInterfaceOrientations_iPad = "UIInterfaceOrientationPortrait UIInterfaceOrientationPortraitUpsideDown UIInterfaceOrientationLandscapeLeft UIInterfaceOrientationLandscapeRight";
				INFOPLIST_KEY_UISupportedInterfaceOrientations_iPhone = "UIInterfaceOrientationPortrait UIInterfaceOrientationLandscapeLeft UIInterfaceOrientationLandscapeRight";
				LD_RUNPATH_SEARCH_PATHS = (
					"$(inherited)",
					"@executable_path/Frameworks",
				);
				MARKETING_VERSION = 1.0;
				PRODUCT_BUNDLE_IDENTIFIER = com.cleanrun.Reprodukasi;
				PRODUCT_NAME = "$(TARGET_NAME)";
				SWIFT_EMIT_LOC_STRINGS = YES;
				SWIFT_VERSION = 5.0;
				TARGETED_DEVICE_FAMILY = "1,2";
			};
			name = Release;
		};
/* End XCBuildConfiguration section */

/* Begin XCConfigurationList section */
		B8B75C21285CE7D200EA4D4C /* Build configuration list for PBXProject "Reprodukasi" */ = {
			isa = XCConfigurationList;
			buildConfigurations = (
				B8B75C3B285CE7D300EA4D4C /* Debug */,
				B8B75C3C285CE7D300EA4D4C /* Release */,
			);
			defaultConfigurationIsVisible = 0;
			defaultConfigurationName = Release;
		};
		B8B75C3D285CE7D300EA4D4C /* Build configuration list for PBXNativeTarget "Reprodukasi" */ = {
			isa = XCConfigurationList;
			buildConfigurations = (
				B8B75C3E285CE7D300EA4D4C /* Debug */,
				B8B75C3F285CE7D300EA4D4C /* Release */,
			);
			defaultConfigurationIsVisible = 0;
			defaultConfigurationName = Release;
		};
/* End XCConfigurationList section */

/* Begin XCVersionGroup section */
		B8B75C32285CE7D200EA4D4C /* Reprodukasi.xcdatamodeld */ = {
			isa = XCVersionGroup;
			children = (
				B8B75C33285CE7D200EA4D4C /* Reprodukasi.xcdatamodel */,
			);
			currentVersion = B8B75C33285CE7D200EA4D4C /* Reprodukasi.xcdatamodel */;
			path = Reprodukasi.xcdatamodeld;
			sourceTree = "<group>";
			versionGroupType = wrapper.xcdatamodel;
		};
/* End XCVersionGroup section */
	};
	rootObject = B8B75C1E285CE7D200EA4D4C /* Project object */;
}
